// !$*UTF8*$!
{
	archiveVersion = 1;
	classes = {
	};
	objectVersion = 50;
	objects = {

/* Begin PBXBuildFile section */
		82DE7567284E706600C46A42 /* AppDelegate.swift in Sources */ = {isa = PBXBuildFile; fileRef = 82DE7566284E706600C46A42 /* AppDelegate.swift */; };
		82DE7569284E706600C46A42 /* SceneDelegate.swift in Sources */ = {isa = PBXBuildFile; fileRef = 82DE7568284E706600C46A42 /* SceneDelegate.swift */; };
		82DE757E284E706B00C46A42 /* AcronymSearchTests.swift in Sources */ = {isa = PBXBuildFile; fileRef = 82DE757D284E706B00C46A42 /* AcronymSearchTests.swift */; };
		82DE7589284E706B00C46A42 /* AcronymSearchUITests.swift in Sources */ = {isa = PBXBuildFile; fileRef = 82DE7588284E706B00C46A42 /* AcronymSearchUITests.swift */; };
		82DE75AA284E710A00C46A42 /* NetworkHelper.swift in Sources */ = {isa = PBXBuildFile; fileRef = 82DE7597284E710900C46A42 /* NetworkHelper.swift */; };
		82DE75AB284E710A00C46A42 /* AcronymSearchViewController.swift in Sources */ = {isa = PBXBuildFile; fileRef = 82DE7599284E710900C46A42 /* AcronymSearchViewController.swift */; };
		82DE75AC284E710A00C46A42 /* Assets.xcassets in Resources */ = {isa = PBXBuildFile; fileRef = 82DE759B284E710900C46A42 /* Assets.xcassets */; };
		82DE75AD284E710A00C46A42 /* AcronymList.json in Resources */ = {isa = PBXBuildFile; fileRef = 82DE759C284E710900C46A42 /* AcronymList.json */; };
		82DE75AE284E710A00C46A42 /* LaunchScreen.storyboard in Resources */ = {isa = PBXBuildFile; fileRef = 82DE759D284E710900C46A42 /* LaunchScreen.storyboard */; };
		82DE75AF284E710A00C46A42 /* Main.storyboard in Resources */ = {isa = PBXBuildFile; fileRef = 82DE759F284E710900C46A42 /* Main.storyboard */; };
		82DE75B0284E710A00C46A42 /* AcronymList.swift in Sources */ = {isa = PBXBuildFile; fileRef = 82DE75A2284E710900C46A42 /* AcronymList.swift */; };
		82DE75B1284E710A00C46A42 /* CustomObserver.swift in Sources */ = {isa = PBXBuildFile; fileRef = 82DE75A4284E710900C46A42 /* CustomObserver.swift */; };
		82DE75B2284E710A00C46A42 /* AcronymListViewModel.swift in Sources */ = {isa = PBXBuildFile; fileRef = 82DE75A6284E710A00C46A42 /* AcronymListViewModel.swift */; };
		82DE75B3284E710A00C46A42 /* UITableView+Background.swift in Sources */ = {isa = PBXBuildFile; fileRef = 82DE75A8284E710A00C46A42 /* UITableView+Background.swift */; };
		82DE75B4284E710A00C46A42 /* SwiftUtility.swift in Sources */ = {isa = PBXBuildFile; fileRef = 82DE75A9284E710A00C46A42 /* SwiftUtility.swift */; };
		82DE75B6284E715F00C46A42 /* MockAPIAcronymSearch.swift in Sources */ = {isa = PBXBuildFile; fileRef = 82DE75B5284E715F00C46A42 /* MockAPIAcronymSearch.swift */; };
/* End PBXBuildFile section */

/* Begin PBXContainerItemProxy section */
		82DE757A284E706B00C46A42 /* PBXContainerItemProxy */ = {
			isa = PBXContainerItemProxy;
			containerPortal = 82DE755B284E706600C46A42 /* Project object */;
			proxyType = 1;
			remoteGlobalIDString = 82DE7562284E706600C46A42;
			remoteInfo = AcronymSearch;
		};
		82DE7585284E706B00C46A42 /* PBXContainerItemProxy */ = {
			isa = PBXContainerItemProxy;
			containerPortal = 82DE755B284E706600C46A42 /* Project object */;
			proxyType = 1;
			remoteGlobalIDString = 82DE7562284E706600C46A42;
			remoteInfo = AcronymSearch;
		};
/* End PBXContainerItemProxy section */

/* Begin PBXFileReference section */
		82DE7563284E706600C46A42 /* AcronymSearch.app */ = {isa = PBXFileReference; explicitFileType = wrapper.application; includeInIndex = 0; path = AcronymSearch.app; sourceTree = BUILT_PRODUCTS_DIR; };
		82DE7566284E706600C46A42 /* AppDelegate.swift */ = {isa = PBXFileReference; lastKnownFileType = sourcecode.swift; path = AppDelegate.swift; sourceTree = "<group>"; };
		82DE7568284E706600C46A42 /* SceneDelegate.swift */ = {isa = PBXFileReference; lastKnownFileType = sourcecode.swift; path = SceneDelegate.swift; sourceTree = "<group>"; };
		82DE7574284E706A00C46A42 /* Info.plist */ = {isa = PBXFileReference; lastKnownFileType = text.plist.xml; path = Info.plist; sourceTree = "<group>"; };
		82DE7579284E706B00C46A42 /* AcronymSearchTests.xctest */ = {isa = PBXFileReference; explicitFileType = wrapper.cfbundle; includeInIndex = 0; path = AcronymSearchTests.xctest; sourceTree = BUILT_PRODUCTS_DIR; };
		82DE757D284E706B00C46A42 /* AcronymSearchTests.swift */ = {isa = PBXFileReference; lastKnownFileType = sourcecode.swift; path = AcronymSearchTests.swift; sourceTree = "<group>"; };
		82DE757F284E706B00C46A42 /* Info.plist */ = {isa = PBXFileReference; lastKnownFileType = text.plist.xml; path = Info.plist; sourceTree = "<group>"; };
		82DE7584284E706B00C46A42 /* AcronymSearchUITests.xctest */ = {isa = PBXFileReference; explicitFileType = wrapper.cfbundle; includeInIndex = 0; path = AcronymSearchUITests.xctest; sourceTree = BUILT_PRODUCTS_DIR; };
		82DE7588284E706B00C46A42 /* AcronymSearchUITests.swift */ = {isa = PBXFileReference; lastKnownFileType = sourcecode.swift; path = AcronymSearchUITests.swift; sourceTree = "<group>"; };
		82DE758A284E706B00C46A42 /* Info.plist */ = {isa = PBXFileReference; lastKnownFileType = text.plist.xml; path = Info.plist; sourceTree = "<group>"; };
		82DE7597284E710900C46A42 /* NetworkHelper.swift */ = {isa = PBXFileReference; fileEncoding = 4; lastKnownFileType = sourcecode.swift; path = NetworkHelper.swift; sourceTree = "<group>"; };
		82DE7599284E710900C46A42 /* AcronymSearchViewController.swift */ = {isa = PBXFileReference; fileEncoding = 4; lastKnownFileType = sourcecode.swift; path = AcronymSearchViewController.swift; sourceTree = "<group>"; };
		82DE759B284E710900C46A42 /* Assets.xcassets */ = {isa = PBXFileReference; lastKnownFileType = folder.assetcatalog; path = Assets.xcassets; sourceTree = "<group>"; };
		82DE759C284E710900C46A42 /* AcronymList.json */ = {isa = PBXFileReference; fileEncoding = 4; lastKnownFileType = text.json; path = AcronymList.json; sourceTree = "<group>"; };
		82DE759E284E710900C46A42 /* Base */ = {isa = PBXFileReference; lastKnownFileType = file.storyboard; name = Base; path = Base.lproj/LaunchScreen.storyboard; sourceTree = "<group>"; };
		82DE75A0284E710900C46A42 /* Base */ = {isa = PBXFileReference; lastKnownFileType = file.storyboard; name = Base; path = Base.lproj/Main.storyboard; sourceTree = "<group>"; };
		82DE75A2284E710900C46A42 /* AcronymList.swift */ = {isa = PBXFileReference; fileEncoding = 4; lastKnownFileType = sourcecode.swift; path = AcronymList.swift; sourceTree = "<group>"; };
		82DE75A4284E710900C46A42 /* CustomObserver.swift */ = {isa = PBXFileReference; fileEncoding = 4; lastKnownFileType = sourcecode.swift; path = CustomObserver.swift; sourceTree = "<group>"; };
		82DE75A6284E710A00C46A42 /* AcronymListViewModel.swift */ = {isa = PBXFileReference; fileEncoding = 4; lastKnownFileType = sourcecode.swift; path = AcronymListViewModel.swift; sourceTree = "<group>"; };
		82DE75A8284E710A00C46A42 /* UITableView+Background.swift */ = {isa = PBXFileReference; fileEncoding = 4; lastKnownFileType = sourcecode.swift; path = "UITableView+Background.swift"; sourceTree = "<group>"; };
		82DE75A9284E710A00C46A42 /* SwiftUtility.swift */ = {isa = PBXFileReference; fileEncoding = 4; lastKnownFileType = sourcecode.swift; path = SwiftUtility.swift; sourceTree = "<group>"; };
		82DE75B5284E715F00C46A42 /* MockAPIAcronymSearch.swift */ = {isa = PBXFileReference; fileEncoding = 4; lastKnownFileType = sourcecode.swift; path = MockAPIAcronymSearch.swift; sourceTree = "<group>"; };
/* End PBXFileReference section */

/* Begin PBXFrameworksBuildPhase section */
		82DE7560284E706600C46A42 /* Frameworks */ = {
			isa = PBXFrameworksBuildPhase;
			buildActionMask = 2147483647;
			files = (
			);
			runOnlyForDeploymentPostprocessing = 0;
		};
		82DE7576284E706B00C46A42 /* Frameworks */ = {
			isa = PBXFrameworksBuildPhase;
			buildActionMask = 2147483647;
			files = (
			);
			runOnlyForDeploymentPostprocessing = 0;
		};
		82DE7581284E706B00C46A42 /* Frameworks */ = {
			isa = PBXFrameworksBuildPhase;
			buildActionMask = 2147483647;
			files = (
			);
			runOnlyForDeploymentPostprocessing = 0;
		};
/* End PBXFrameworksBuildPhase section */

/* Begin PBXGroup section */
		82DE755A284E706600C46A42 = {
			isa = PBXGroup;
			children = (
				82DE7565284E706600C46A42 /* AcronymSearch */,
				82DE757C284E706B00C46A42 /* AcronymSearchTests */,
				82DE7587284E706B00C46A42 /* AcronymSearchUITests */,
				82DE7564284E706600C46A42 /* Products */,
			);
			sourceTree = "<group>";
		};
		82DE7564284E706600C46A42 /* Products */ = {
			isa = PBXGroup;
			children = (
				82DE7563284E706600C46A42 /* AcronymSearch.app */,
				82DE7579284E706B00C46A42 /* AcronymSearchTests.xctest */,
				82DE7584284E706B00C46A42 /* AcronymSearchUITests.xctest */,
			);
			name = Products;
			sourceTree = "<group>";
		};
		82DE7565284E706600C46A42 /* AcronymSearch */ = {
			isa = PBXGroup;
			children = (
				82DE75A1284E710900C46A42 /* Model */,
				82DE7596284E710900C46A42 /* NetworkHelper */,
				82DE75A3284E710900C46A42 /* Observer */,
				82DE759A284E710900C46A42 /* Resources */,
				82DE75A7284E710A00C46A42 /* Utility */,
				82DE7598284E710900C46A42 /* View */,
				82DE75A5284E710A00C46A42 /* ViewModel */,
				82DE7566284E706600C46A42 /* AppDelegate.swift */,
				82DE7568284E706600C46A42 /* SceneDelegate.swift */,
				82DE7574284E706A00C46A42 /* Info.plist */,
			);
			path = AcronymSearch;
			sourceTree = "<group>";
		};
		82DE757C284E706B00C46A42 /* AcronymSearchTests */ = {
			isa = PBXGroup;
			children = (
				82DE757D284E706B00C46A42 /* AcronymSearchTests.swift */,
				82DE75B5284E715F00C46A42 /* MockAPIAcronymSearch.swift */,
				82DE757F284E706B00C46A42 /* Info.plist */,
			);
			path = AcronymSearchTests;
			sourceTree = "<group>";
		};
		82DE7587284E706B00C46A42 /* AcronymSearchUITests */ = {
			isa = PBXGroup;
			children = (
				82DE7588284E706B00C46A42 /* AcronymSearchUITests.swift */,
				82DE758A284E706B00C46A42 /* Info.plist */,
			);
			path = AcronymSearchUITests;
			sourceTree = "<group>";
		};
		82DE7596284E710900C46A42 /* NetworkHelper */ = {
			isa = PBXGroup;
			children = (
				82DE7597284E710900C46A42 /* NetworkHelper.swift */,
			);
			path = NetworkHelper;
			sourceTree = "<group>";
		};
		82DE7598284E710900C46A42 /* View */ = {
			isa = PBXGroup;
			children = (
				82DE7599284E710900C46A42 /* AcronymSearchViewController.swift */,
			);
			path = View;
			sourceTree = "<group>";
		};
		82DE759A284E710900C46A42 /* Resources */ = {
			isa = PBXGroup;
			children = (
				82DE759B284E710900C46A42 /* Assets.xcassets */,
				82DE759C284E710900C46A42 /* AcronymList.json */,
				82DE759D284E710900C46A42 /* LaunchScreen.storyboard */,
				82DE759F284E710900C46A42 /* Main.storyboard */,
			);
			path = Resources;
			sourceTree = "<group>";
		};
		82DE75A1284E710900C46A42 /* Model */ = {
			isa = PBXGroup;
			children = (
				82DE75A2284E710900C46A42 /* AcronymList.swift */,
			);
			path = Model;
			sourceTree = "<group>";
		};
		82DE75A3284E710900C46A42 /* Observer */ = {
			isa = PBXGroup;
			children = (
				82DE75A4284E710900C46A42 /* CustomObserver.swift */,
			);
			path = Observer;
			sourceTree = "<group>";
		};
		82DE75A5284E710A00C46A42 /* ViewModel */ = {
			isa = PBXGroup;
			children = (
				82DE75A6284E710A00C46A42 /* AcronymListViewModel.swift */,
			);
			path = ViewModel;
			sourceTree = "<group>";
		};
		82DE75A7284E710A00C46A42 /* Utility */ = {
			isa = PBXGroup;
			children = (
				82DE75A8284E710A00C46A42 /* UITableView+Background.swift */,
				82DE75A9284E710A00C46A42 /* SwiftUtility.swift */,
			);
			path = Utility;
			sourceTree = "<group>";
		};
/* End PBXGroup section */

/* Begin PBXNativeTarget section */
		82DE7562284E706600C46A42 /* AcronymSearch */ = {
			isa = PBXNativeTarget;
			buildConfigurationList = 82DE758D284E706B00C46A42 /* Build configuration list for PBXNativeTarget "AcronymSearch" */;
			buildPhases = (
				82DE755F284E706600C46A42 /* Sources */,
				82DE7560284E706600C46A42 /* Frameworks */,
				82DE7561284E706600C46A42 /* Resources */,
			);
			buildRules = (
			);
			dependencies = (
			);
			name = AcronymSearch;
			productName = AcronymSearch;
			productReference = 82DE7563284E706600C46A42 /* AcronymSearch.app */;
			productType = "com.apple.product-type.application";
		};
		82DE7578284E706B00C46A42 /* AcronymSearchTests */ = {
			isa = PBXNativeTarget;
			buildConfigurationList = 82DE7590284E706B00C46A42 /* Build configuration list for PBXNativeTarget "AcronymSearchTests" */;
			buildPhases = (
				82DE7575284E706B00C46A42 /* Sources */,
				82DE7576284E706B00C46A42 /* Frameworks */,
				82DE7577284E706B00C46A42 /* Resources */,
			);
			buildRules = (
			);
			dependencies = (
				82DE757B284E706B00C46A42 /* PBXTargetDependency */,
			);
			name = AcronymSearchTests;
			productName = AcronymSearchTests;
			productReference = 82DE7579284E706B00C46A42 /* AcronymSearchTests.xctest */;
			productType = "com.apple.product-type.bundle.unit-test";
		};
		82DE7583284E706B00C46A42 /* AcronymSearchUITests */ = {
			isa = PBXNativeTarget;
			buildConfigurationList = 82DE7593284E706B00C46A42 /* Build configuration list for PBXNativeTarget "AcronymSearchUITests" */;
			buildPhases = (
				82DE7580284E706B00C46A42 /* Sources */,
				82DE7581284E706B00C46A42 /* Frameworks */,
				82DE7582284E706B00C46A42 /* Resources */,
			);
			buildRules = (
			);
			dependencies = (
				82DE7586284E706B00C46A42 /* PBXTargetDependency */,
			);
			name = AcronymSearchUITests;
			productName = AcronymSearchUITests;
			productReference = 82DE7584284E706B00C46A42 /* AcronymSearchUITests.xctest */;
			productType = "com.apple.product-type.bundle.ui-testing";
		};
/* End PBXNativeTarget section */

/* Begin PBXProject section */
		82DE755B284E706600C46A42 /* Project object */ = {
			isa = PBXProject;
			attributes = {
				LastSwiftUpdateCheck = 1250;
				LastUpgradeCheck = 1250;
				TargetAttributes = {
					82DE7562284E706600C46A42 = {
						CreatedOnToolsVersion = 12.5.1;
					};
					82DE7578284E706B00C46A42 = {
						CreatedOnToolsVersion = 12.5.1;
						TestTargetID = 82DE7562284E706600C46A42;
					};
					82DE7583284E706B00C46A42 = {
						CreatedOnToolsVersion = 12.5.1;
						TestTargetID = 82DE7562284E706600C46A42;
					};
				};
			};
			buildConfigurationList = 82DE755E284E706600C46A42 /* Build configuration list for PBXProject "AcronymSearch" */;
			compatibilityVersion = "Xcode 9.3";
			developmentRegion = en;
			hasScannedForEncodings = 0;
			knownRegions = (
				en,
				Base,
			);
			mainGroup = 82DE755A284E706600C46A42;
			productRefGroup = 82DE7564284E706600C46A42 /* Products */;
			projectDirPath = "";
			projectRoot = "";
			targets = (
				82DE7562284E706600C46A42 /* AcronymSearch */,
				82DE7578284E706B00C46A42 /* AcronymSearchTests */,
				82DE7583284E706B00C46A42 /* AcronymSearchUITests */,
			);
		};
/* End PBXProject section */

/* Begin PBXResourcesBuildPhase section */
		82DE7561284E706600C46A42 /* Resources */ = {
			isa = PBXResourcesBuildPhase;
			buildActionMask = 2147483647;
			files = (
				82DE75AF284E710A00C46A42 /* Main.storyboard in Resources */,
				82DE75AD284E710A00C46A42 /* AcronymList.json in Resources */,
				82DE75AE284E710A00C46A42 /* LaunchScreen.storyboard in Resources */,
				82DE75AC284E710A00C46A42 /* Assets.xcassets in Resources */,
			);
			runOnlyForDeploymentPostprocessing = 0;
		};
		82DE7577284E706B00C46A42 /* Resources */ = {
			isa = PBXResourcesBuildPhase;
			buildActionMask = 2147483647;
			files = (
			);
			runOnlyForDeploymentPostprocessing = 0;
		};
		82DE7582284E706B00C46A42 /* Resources */ = {
			isa = PBXResourcesBuildPhase;
			buildActionMask = 2147483647;
			files = (
			);
			runOnlyForDeploymentPostprocessing = 0;
		};
/* End PBXResourcesBuildPhase section */

/* Begin PBXSourcesBuildPhase section */
		82DE755F284E706600C46A42 /* Sources */ = {
			isa = PBXSourcesBuildPhase;
			buildActionMask = 2147483647;
			files = (
				82DE75AA284E710A00C46A42 /* NetworkHelper.swift in Sources */,
				82DE75B1284E710A00C46A42 /* CustomObserver.swift in Sources */,
				82DE75AB284E710A00C46A42 /* AcronymSearchViewController.swift in Sources */,
				82DE75B3284E710A00C46A42 /* UITableView+Background.swift in Sources */,
				82DE75B0284E710A00C46A42 /* AcronymList.swift in Sources */,
				82DE7567284E706600C46A42 /* AppDelegate.swift in Sources */,
				82DE75B2284E710A00C46A42 /* AcronymListViewModel.swift in Sources */,
				82DE75B4284E710A00C46A42 /* SwiftUtility.swift in Sources */,
				82DE7569284E706600C46A42 /* SceneDelegate.swift in Sources */,
			);
			runOnlyForDeploymentPostprocessing = 0;
		};
		82DE7575284E706B00C46A42 /* Sources */ = {
			isa = PBXSourcesBuildPhase;
			buildActionMask = 2147483647;
			files = (
				82DE75B6284E715F00C46A42 /* MockAPIAcronymSearch.swift in Sources */,
				82DE757E284E706B00C46A42 /* AcronymSearchTests.swift in Sources */,
			);
			runOnlyForDeploymentPostprocessing = 0;
		};
		82DE7580284E706B00C46A42 /* Sources */ = {
			isa = PBXSourcesBuildPhase;
			buildActionMask = 2147483647;
			files = (
				82DE7589284E706B00C46A42 /* AcronymSearchUITests.swift in Sources */,
			);
			runOnlyForDeploymentPostprocessing = 0;
		};
/* End PBXSourcesBuildPhase section */

/* Begin PBXTargetDependency section */
		82DE757B284E706B00C46A42 /* PBXTargetDependency */ = {
			isa = PBXTargetDependency;
			target = 82DE7562284E706600C46A42 /* AcronymSearch */;
			targetProxy = 82DE757A284E706B00C46A42 /* PBXContainerItemProxy */;
		};
		82DE7586284E706B00C46A42 /* PBXTargetDependency */ = {
			isa = PBXTargetDependency;
			target = 82DE7562284E706600C46A42 /* AcronymSearch */;
			targetProxy = 82DE7585284E706B00C46A42 /* PBXContainerItemProxy */;
		};
/* End PBXTargetDependency section */

/* Begin PBXVariantGroup section */
		82DE759D284E710900C46A42 /* LaunchScreen.storyboard */ = {
			isa = PBXVariantGroup;
			children = (
				82DE759E284E710900C46A42 /* Base */,
			);
			name = LaunchScreen.storyboard;
			sourceTree = "<group>";
		};
		82DE759F284E710900C46A42 /* Main.storyboard */ = {
			isa = PBXVariantGroup;
			children = (
				82DE75A0284E710900C46A42 /* Base */,
			);
			name = Main.storyboard;
			sourceTree = "<group>";
		};
/* End PBXVariantGroup section */

/* Begin XCBuildConfiguration section */
		82DE758B284E706B00C46A42 /* Debug */ = {
			isa = XCBuildConfiguration;
			buildSettings = {
				ALWAYS_SEARCH_USER_PATHS = NO;
				CLANG_ANALYZER_NONNULL = YES;
				CLANG_ANALYZER_NUMBER_OBJECT_CONVERSION = YES_AGGRESSIVE;
				CLANG_CXX_LANGUAGE_STANDARD = "gnu++14";
				CLANG_CXX_LIBRARY = "libc++";
				CLANG_ENABLE_MODULES = YES;
				CLANG_ENABLE_OBJC_ARC = YES;
				CLANG_ENABLE_OBJC_WEAK = YES;
				CLANG_WARN_BLOCK_CAPTURE_AUTORELEASING = YES;
				CLANG_WARN_BOOL_CONVERSION = YES;
				CLANG_WARN_COMMA = YES;
				CLANG_WARN_CONSTANT_CONVERSION = YES;
				CLANG_WARN_DEPRECATED_OBJC_IMPLEMENTATIONS = YES;
				CLANG_WARN_DIRECT_OBJC_ISA_USAGE = YES_ERROR;
				CLANG_WARN_DOCUMENTATION_COMMENTS = YES;
				CLANG_WARN_EMPTY_BODY = YES;
				CLANG_WARN_ENUM_CONVERSION = YES;
				CLANG_WARN_INFINITE_RECURSION = YES;
				CLANG_WARN_INT_CONVERSION = YES;
				CLANG_WARN_NON_LITERAL_NULL_CONVERSION = YES;
				CLANG_WARN_OBJC_IMPLICIT_RETAIN_SELF = YES;
				CLANG_WARN_OBJC_LITERAL_CONVERSION = YES;
				CLANG_WARN_OBJC_ROOT_CLASS = YES_ERROR;
				CLANG_WARN_QUOTED_INCLUDE_IN_FRAMEWORK_HEADER = YES;
				CLANG_WARN_RANGE_LOOP_ANALYSIS = YES;
				CLANG_WARN_STRICT_PROTOTYPES = YES;
				CLANG_WARN_SUSPICIOUS_MOVE = YES;
				CLANG_WARN_UNGUARDED_AVAILABILITY = YES_AGGRESSIVE;
				CLANG_WARN_UNREACHABLE_CODE = YES;
				CLANG_WARN__DUPLICATE_METHOD_MATCH = YES;
				COPY_PHASE_STRIP = NO;
				DEBUG_INFORMATION_FORMAT = dwarf;
				ENABLE_STRICT_OBJC_MSGSEND = YES;
				ENABLE_TESTABILITY = YES;
				GCC_C_LANGUAGE_STANDARD = gnu11;
				GCC_DYNAMIC_NO_PIC = NO;
				GCC_NO_COMMON_BLOCKS = YES;
				GCC_OPTIMIZATION_LEVEL = 0;
				GCC_PREPROCESSOR_DEFINITIONS = (
					"DEBUG=1",
					"$(inherited)",
				);
				GCC_WARN_64_TO_32_BIT_CONVERSION = YES;
				GCC_WARN_ABOUT_RETURN_TYPE = YES_ERROR;
				GCC_WARN_UNDECLARED_SELECTOR = YES;
				GCC_WARN_UNINITIALIZED_AUTOS = YES_AGGRESSIVE;
				GCC_WARN_UNUSED_FUNCTION = YES;
				GCC_WARN_UNUSED_VARIABLE = YES;
				IPHONEOS_DEPLOYMENT_TARGET = 14.5;
				MTL_ENABLE_DEBUG_INFO = INCLUDE_SOURCE;
				MTL_FAST_MATH = YES;
				ONLY_ACTIVE_ARCH = YES;
				SDKROOT = iphoneos;
				SWIFT_ACTIVE_COMPILATION_CONDITIONS = DEBUG;
				SWIFT_OPTIMIZATION_LEVEL = "-Onone";
			};
			name = Debug;
		};
		82DE758C284E706B00C46A42 /* Release */ = {
			isa = XCBuildConfiguration;
			buildSettings = {
				ALWAYS_SEARCH_USER_PATHS = NO;
				CLANG_ANALYZER_NONNULL = YES;
				CLANG_ANALYZER_NUMBER_OBJECT_CONVERSION = YES_AGGRESSIVE;
				CLANG_CXX_LANGUAGE_STANDARD = "gnu++14";
				CLANG_CXX_LIBRARY = "libc++";
				CLANG_ENABLE_MODULES = YES;
				CLANG_ENABLE_OBJC_ARC = YES;
				CLANG_ENABLE_OBJC_WEAK = YES;
				CLANG_WARN_BLOCK_CAPTURE_AUTORELEASING = YES;
				CLANG_WARN_BOOL_CONVERSION = YES;
				CLANG_WARN_COMMA = YES;
				CLANG_WARN_CONSTANT_CONVERSION = YES;
				CLANG_WARN_DEPRECATED_OBJC_IMPLEMENTATIONS = YES;
				CLANG_WARN_DIRECT_OBJC_ISA_USAGE = YES_ERROR;
				CLANG_WARN_DOCUMENTATION_COMMENTS = YES;
				CLANG_WARN_EMPTY_BODY = YES;
				CLANG_WARN_ENUM_CONVERSION = YES;
				CLANG_WARN_INFINITE_RECURSION = YES;
				CLANG_WARN_INT_CONVERSION = YES;
				CLANG_WARN_NON_LITERAL_NULL_CONVERSION = YES;
				CLANG_WARN_OBJC_IMPLICIT_RETAIN_SELF = YES;
				CLANG_WARN_OBJC_LITERAL_CONVERSION = YES;
				CLANG_WARN_OBJC_ROOT_CLASS = YES_ERROR;
				CLANG_WARN_QUOTED_INCLUDE_IN_FRAMEWORK_HEADER = YES;
				CLANG_WARN_RANGE_LOOP_ANALYSIS = YES;
				CLANG_WARN_STRICT_PROTOTYPES = YES;
				CLANG_WARN_SUSPICIOUS_MOVE = YES;
				CLANG_WARN_UNGUARDED_AVAILABILITY = YES_AGGRESSIVE;
				CLANG_WARN_UNREACHABLE_CODE = YES;
				CLANG_WARN__DUPLICATE_METHOD_MATCH = YES;
				COPY_PHASE_STRIP = NO;
				DEBUG_INFORMATION_FORMAT = "dwarf-with-dsym";
				ENABLE_NS_ASSERTIONS = NO;
				ENABLE_STRICT_OBJC_MSGSEND = YES;
				GCC_C_LANGUAGE_STANDARD = gnu11;
				GCC_NO_COMMON_BLOCKS = YES;
				GCC_WARN_64_TO_32_BIT_CONVERSION = YES;
				GCC_WARN_ABOUT_RETURN_TYPE = YES_ERROR;
				GCC_WARN_UNDECLARED_SELECTOR = YES;
				GCC_WARN_UNINITIALIZED_AUTOS = YES_AGGRESSIVE;
				GCC_WARN_UNUSED_FUNCTION = YES;
				GCC_WARN_UNUSED_VARIABLE = YES;
				IPHONEOS_DEPLOYMENT_TARGET = 14.5;
				MTL_ENABLE_DEBUG_INFO = NO;
				MTL_FAST_MATH = YES;
				SDKROOT = iphoneos;
				SWIFT_COMPILATION_MODE = wholemodule;
				SWIFT_OPTIMIZATION_LEVEL = "-O";
				VALIDATE_PRODUCT = YES;
			};
			name = Release;
		};
		82DE758E284E706B00C46A42 /* Debug */ = {
			isa = XCBuildConfiguration;
			buildSettings = {
				ASSETCATALOG_COMPILER_APPICON_NAME = AppIcon;
				ASSETCATALOG_COMPILER_GLOBAL_ACCENT_COLOR_NAME = AccentColor;
				CODE_SIGN_STYLE = Automatic;
				INFOPLIST_FILE = AcronymSearch/Info.plist;
				LD_RUNPATH_SEARCH_PATHS = (
					"$(inherited)",
					"@executable_path/Frameworks",
				);
				PRODUCT_BUNDLE_IDENTIFIER = raj.com.AcronymSearch;
				PRODUCT_NAME = "$(TARGET_NAME)";
				SWIFT_VERSION = 5.0;
				TARGETED_DEVICE_FAMILY = "1,2";
			};
			name = Debug;
		};
		82DE758F284E706B00C46A42 /* Release */ = {
			isa = XCBuildConfiguration;
			buildSettings = {
				ASSETCATALOG_COMPILER_APPICON_NAME = AppIcon;
				ASSETCATALOG_COMPILER_GLOBAL_ACCENT_COLOR_NAME = AccentColor;
				CODE_SIGN_STYLE = Automatic;
				INFOPLIST_FILE = AcronymSearch/Info.plist;
				LD_RUNPATH_SEARCH_PATHS = (
					"$(inherited)",
					"@executable_path/Frameworks",
				);
				PRODUCT_BUNDLE_IDENTIFIER = raj.com.AcronymSearch;
				PRODUCT_NAME = "$(TARGET_NAME)";
				SWIFT_VERSION = 5.0;
				TARGETED_DEVICE_FAMILY = "1,2";
			};
			name = Release;
		};
		82DE7591284E706B00C46A42 /* Debug */ = {
			isa = XCBuildConfiguration;
			buildSettings = {
				ALWAYS_EMBED_SWIFT_STANDARD_LIBRARIES = YES;
				BUNDLE_LOADER = "$(TEST_HOST)";
				CODE_SIGN_STYLE = Automatic;
				INFOPLIST_FILE = AcronymSearchTests/Info.plist;
				IPHONEOS_DEPLOYMENT_TARGET = 14.5;
				LD_RUNPATH_SEARCH_PATHS = (
					"$(inherited)",
					"@executable_path/Frameworks",
					"@loader_path/Frameworks",
				);
				PRODUCT_BUNDLE_IDENTIFIER = raj.com.AcronymSearchTests;
				PRODUCT_NAME = "$(TARGET_NAME)";
				SWIFT_VERSION = 5.0;
				TARGETED_DEVICE_FAMILY = "1,2";
				TEST_HOST = "$(BUILT_PRODUCTS_DIR)/AcronymSearch.app/AcronymSearch";
			};
			name = Debug;
		};
		82DE7592284E706B00C46A42 /* Release */ = {
			isa = XCBuildConfiguration;
			buildSettings = {
				ALWAYS_EMBED_SWIFT_STANDARD_LIBRARIES = YES;
				BUNDLE_LOADER = "$(TEST_HOST)";
				CODE_SIGN_STYLE = Automatic;
				INFOPLIST_FILE = AcronymSearchTests/Info.plist;
				IPHONEOS_DEPLOYMENT_TARGET = 14.5;
				LD_RUNPATH_SEARCH_PATHS = (
					"$(inherited)",
					"@executable_path/Frameworks",
					"@loader_path/Frameworks",
				);
				PRODUCT_BUNDLE_IDENTIFIER = raj.com.AcronymSearchTests;
				PRODUCT_NAME = "$(TARGET_NAME)";
				SWIFT_VERSION = 5.0;
				TARGETED_DEVICE_FAMILY = "1,2";
				TEST_HOST = "$(BUILT_PRODUCTS_DIR)/AcronymSearch.app/AcronymSearch";
			};
			name = Release;
		};
		82DE7594284E706B00C46A42 /* Debug */ = {
			isa = XCBuildConfiguration;
			buildSettings = {
				ALWAYS_EMBED_SWIFT_STANDARD_LIBRARIES = YES;
				CODE_SIGN_STYLE = Automatic;
				INFOPLIST_FILE = AcronymSearchUITests/Info.plist;
				LD_RUNPATH_SEARCH_PATHS = (
					"$(inherited)",
					"@executable_path/Frameworks",
					"@loader_path/Frameworks",
				);
				PRODUCT_BUNDLE_IDENTIFIER = raj.com.AcronymSearchUITests;
				PRODUCT_NAME = "$(TARGET_NAME)";
				SWIFT_VERSION = 5.0;
				TARGETED_DEVICE_FAMILY = "1,2";
				TEST_TARGET_NAME = AcronymSearch;
			};
			name = Debug;
		};
		82DE7595284E706B00C46A42 /* Release */ = {
			isa = XCBuildConfiguration;
			buildSettings = {
				ALWAYS_EMBED_SWIFT_STANDARD_LIBRARIES = YES;
				CODE_SIGN_STYLE = Automatic;
				INFOPLIST_FILE = AcronymSearchUITests/Info.plist;
				LD_RUNPATH_SEARCH_PATHS = (
					"$(inherited)",
					"@executable_path/Frameworks",
					"@loader_path/Frameworks",
				);
				PRODUCT_BUNDLE_IDENTIFIER = raj.com.AcronymSearchUITests;
				PRODUCT_NAME = "$(TARGET_NAME)";
				SWIFT_VERSION = 5.0;
				TARGETED_DEVICE_FAMILY = "1,2";
				TEST_TARGET_NAME = AcronymSearch;
			};
			name = Release;
		};
/* End XCBuildConfiguration section */

/* Begin XCConfigurationList section */
		82DE755E284E706600C46A42 /* Build configuration list for PBXProject "AcronymSearch" */ = {
			isa = XCConfigurationList;
			buildConfigurations = (
				82DE758B284E706B00C46A42 /* Debug */,
				82DE758C284E706B00C46A42 /* Release */,
			);
			defaultConfigurationIsVisible = 0;
			defaultConfigurationName = Release;
		};
		82DE758D284E706B00C46A42 /* Build configuration list for PBXNativeTarget "AcronymSearch" */ = {
			isa = XCConfigurationList;
			buildConfigurations = (
				82DE758E284E706B00C46A42 /* Debug */,
				82DE758F284E706B00C46A42 /* Release */,
			);
			defaultConfigurationIsVisible = 0;
			defaultConfigurationName = Release;
		};
		82DE7590284E706B00C46A42 /* Build configuration list for PBXNativeTarget "AcronymSearchTests" */ = {
			isa = XCConfigurationList;
			buildConfigurations = (
				82DE7591284E706B00C46A42 /* Debug */,
				82DE7592284E706B00C46A42 /* Release */,
			);
			defaultConfigurationIsVisible = 0;
			defaultConfigurationName = Release;
		};
		82DE7593284E706B00C46A42 /* Build configuration list for PBXNativeTarget "AcronymSearchUITests" */ = {
			isa = XCConfigurationList;
			buildConfigurations = (
				82DE7594284E706B00C46A42 /* Debug */,
				82DE7595284E706B00C46A42 /* Release */,
			);
			defaultConfigurationIsVisible = 0;
			defaultConfigurationName = Release;
		};
/* End XCConfigurationList section */
	};
	rootObject = 82DE755B284E706600C46A42 /* Project object */;
}
